<?xml version="1.0" encoding="UTF-8"?>
<CONFIG>
  <ProjectOptions>
    <Version Value="11"/>
    <PathDelim Value="\"/>
    <General>
      <Flags>
        <MainUnitHasCreateFormStatements Value="False"/>
        <MainUnitHasTitleStatement Value="False"/>
      </Flags>
      <SessionStorage Value="InProjectDir"/>
      <MainUnit Value="0"/>
      <UseAppBundle Value="False"/>
      <ResourceType Value="res"/>
    </General>
    <BuildModes Count="6">
      <Item1 Name="Default" Default="True"/>
      <Item2 Name="win32">
        <CompilerOptions>
          <Version Value="11"/>
          <PathDelim Value="\"/>
          <SearchPaths>
            <IncludeFiles Value="$(ProjOutDir);..\..\lib;..\..\lib\SQLite3"/>
            <Libraries Value="..\..\lib\static\$(TargetCPU)-$(TargetOS)"/>
            <OtherUnitFiles Value="..\..\lib;..\..\lib\SQLite3;..\..\lib\SQLite3\DDD\infra;..\..\lib\SQLite3\DDD\dom;..\kdom\obj;..\kdom\serv;..\app\web"/>
            <UnitOutputDirectory Value="lib\$(TargetCPU)-$(TargetOS)"/>
          </SearchPaths>
          <CodeGeneration>
            <SmartLinkUnit Value="True"/>
            <TargetProcessor Value="pentiumm"/>
            <TargetCPU Value="i386"/>
            <TargetOS Value="win32"/>
            <Optimizations>
              <OptimizationLevel Value="3"/>
            </Optimizations>
          </CodeGeneration>
          <Linking>
            <Debugging>
              <GenerateDebugInfo Value="False"/>
              <StripSymbols Value="True"/>
            </Debugging>
            <LinkSmart Value="True"/>
          </Linking>
          <Other>
            <CustomOptions Value="-dONLYUSEHTTPSOCKET"/>
            <OtherDefines Count="1">
              <Define0 Value="ONLYUSEHTTPSOCKET"/>
            </OtherDefines>
          </Other>
        </CompilerOptions>
      </Item2>
      <Item3 Name="win64">
        <CompilerOptions>
          <Version Value="11"/>
          <PathDelim Value="\"/>
          <SearchPaths>
            <IncludeFiles Value="$(ProjOutDir);..\..\lib;..\..\lib\SQLite3"/>
            <Libraries Value="..\..\lib\static\$(TargetCPU)-$(TargetOS)"/>
            <OtherUnitFiles Value="..\..\lib;..\..\lib\SQLite3;..\..\lib\SQLite3\DDD\infra;..\..\lib\SQLite3\DDD\dom;..\kdom\obj;..\kdom\serv;..\app\web"/>
            <UnitOutputDirectory Value="lib\$(TargetCPU)-$(TargetOS)"/>
          </SearchPaths>
          <CodeGeneration>
            <SmartLinkUnit Value="True"/>
            <TargetCPU Value="x86_64"/>
            <TargetOS Value="win64"/>
            <Optimizations>
              <OptimizationLevel Value="3"/>
            </Optimizations>
          </CodeGeneration>
          <Linking>
            <Debugging>
              <GenerateDebugInfo Value="False"/>
              <StripSymbols Value="True"/>
            </Debugging>
            <LinkSmart Value="True"/>
          </Linking>
          <Other>
            <CustomOptions Value="-dONLYUSEHTTPSOCKET"/>
            <OtherDefines Count="1">
              <Define0 Value="ONLYUSEHTTPSOCKET"/>
            </OtherDefines>
          </Other>
        </CompilerOptions>
      </Item3>
      <Item4 Name="linux32">
        <CompilerOptions>
          <Version Value="11"/>
          <PathDelim Value="\"/>
          <SearchPaths>
            <IncludeFiles Value="$(ProjOutDir);..\..\lib;..\..\lib\SQLite3"/>
            <Libraries Value="..\..\lib\static\$(TargetCPU)-$(TargetOS)"/>
            <OtherUnitFiles Value="..\..\lib;..\..\lib\SQLite3;..\..\lib\SQLite3\DDD\infra;..\..\lib\SQLite3\DDD\dom;..\kdom\obj;..\kdom\serv;..\app\web"/>
            <UnitOutputDirectory Value="lib\$(TargetCPU)-$(TargetOS)"/>
          </SearchPaths>
          <CodeGeneration>
            <SmartLinkUnit Value="True"/>
            <TargetCPU Value="i386"/>
            <TargetOS Value="linux"/>
            <Optimizations>
              <OptimizationLevel Value="3"/>
            </Optimizations>
          </CodeGeneration>
          <Linking>
            <Debugging>
              <GenerateDebugInfo Value="False"/>
              <StripSymbols Value="True"/>
            </Debugging>
            <LinkSmart Value="True"/>
          </Linking>
        </CompilerOptions>
      </Item4>
      <Item5 Name="linux64">
        <CompilerOptions>
          <Version Value="11"/>
          <PathDelim Value="\"/>
          <SearchPaths>
            <IncludeFiles Value="$(ProjOutDir);..\..\lib;..\..\lib\SQLite3"/>
            <Libraries Value="..\..\lib\static\$(TargetCPU)-$(TargetOS)"/>
            <OtherUnitFiles Value="..\..\lib;..\..\lib\SQLite3;..\..\lib\SQLite3\DDD\infra;..\..\lib\SQLite3\DDD\dom;..\kdom\obj;..\kdom\serv;..\app\web"/>
            <UnitOutputDirectory Value="lib\$(TargetCPU)-$(TargetOS)"/>
          </SearchPaths>
          <CodeGeneration>
            <SmartLinkUnit Value="True"/>
            <TargetCPU Value="x86_64"/>
            <TargetOS Value="linux"/>
            <Optimizations>
              <OptimizationLevel Value="3"/>
            </Optimizations>
          </CodeGeneration>
          <Linking>
            <Debugging>
              <GenerateDebugInfo Value="False"/>
              <StripSymbols Value="True"/>
            </Debugging>
            <LinkSmart Value="True"/>
          </Linking>
        </CompilerOptions>
      </Item5>
      <Item6 Name="linuxarm">
        <CompilerOptions>
          <Version Value="11"/>
          <PathDelim Value="\"/>
          <SearchPaths>
            <IncludeFiles Value="$(ProjOutDir);..\..\lib;..\..\lib\SQLite3"/>
            <Libraries Value="..\..\lib\static\$(TargetCPU)-$(TargetOS)"/>
            <OtherUnitFiles Value="..\..\lib;..\..\lib\SQLite3;..\..\lib\SQLite3\DDD\infra;..\..\lib\SQLite3\DDD\dom;..\kdom\obj;..\kdom\serv;..\app\web"/>
            <UnitOutputDirectory Value="lib\$(TargetCPU)-$(TargetOS)"/>
          </SearchPaths>
          <CodeGeneration>
            <SmartLinkUnit Value="True"/>
            <TargetCPU Value="arm"/>
            <TargetOS Value="linux"/>
            <Optimizations>
              <OptimizationLevel Value="3"/>
            </Optimizations>
          </CodeGeneration>
          <Linking>
            <Debugging>
              <GenerateDebugInfo Value="False"/>
              <StripSymbols Value="True"/>
            </Debugging>
            <LinkSmart Value="True"/>
          </Linking>
        </CompilerOptions>
      </Item6>
    </BuildModes>
    <PublishOptions>
      <Version Value="2"/>
    </PublishOptions>
    <RunParams>
      <FormatVersion Value="2"/>
      <Modes Count="1">
        <Mode0 Name="default"/>
      </Modes>
    </RunParams>
    <Units Count="1">
      <Unit0>
        <Filename Value="TestBasilique.dpr"/>
        <IsPartOfProject Value="True"/>
      </Unit0>
    </Units>
  </ProjectOptions>
  <CompilerOptions>
    <Version Value="11"/>
    <SearchPaths>
      <IncludeFiles Value="$(ProjOutDir);..\..\lib;..\..\lib\SQLite3"/>
      <Libraries Value="..\..\lib\static\$(TargetCPU)-$(TargetOS)"/>
      <OtherUnitFiles Value="../../lib;../../lib/SQLite3;../../lib/SQLite3/DDD/infra;../../lib/SQLite3/DDD/dom;../kdom/obj;../kdom/serv;../app/web"/>
      <UnitOutputDirectory Value="lib/default"/>
    </SearchPaths>
    <Linking>
      <Debugging>
        <UseHeaptrc Value="True"/>
      </Debugging>
    </Linking>
    <Other>
      <CustomOptions Value="-dONLYUSEHTTPSOCKET"/>
    </Other>
  </CompilerOptions>
  <Debugging>
    <Exceptions Count="3">
      <Item1>
        <Name Value="EAbort"/>
      </Item1>
      <Item2>
        <Name Value="ECodetoolError"/>
      </Item2>
      <Item3>
        <Name Value="EFOpenError"/>
      </Item3>
    </Exceptions>
  </Debugging>
</CONFIG>
